// !$*UTF8*$!
{
	archiveVersion = 1;
	classes = {
	};
	objectVersion = 51;
	objects = {

/* Begin PBXBuildFile section */
		A565F7BF983C3ED956B52BB2 /* Pods_Reciplease.framework in Frameworks */ = {isa = PBXBuildFile; fileRef = 94E5ED29C5B2C7890AD7B982 /* Pods_Reciplease.framework */; };
		B5B4AF8FB19164FA5B85CAE9 /* Pods_RecipleaseTests.framework in Frameworks */ = {isa = PBXBuildFile; fileRef = 2445EC87DFB85DC40ACD9438 /* Pods_RecipleaseTests.framework */; };
		D0A5156FEB1B6FBF9A4F5A79 /* Pods_Reciplease_RecipleaseUITests.framework in Frameworks */ = {isa = PBXBuildFile; fileRef = 10F1A855F632CCBA5FD86DBC /* Pods_Reciplease_RecipleaseUITests.framework */; };
		D9233CF6255986E300B96C32 /* SearchIngredientViewController+UITextFieldDelegate.swift in Sources */ = {isa = PBXBuildFile; fileRef = D9233CF5255986E300B96C32 /* SearchIngredientViewController+UITextFieldDelegate.swift */; };
		D9233CFE25598EBE00B96C32 /* Fridge.swift in Sources */ = {isa = PBXBuildFile; fileRef = D9233CFD25598EBE00B96C32 /* Fridge.swift */; };
		D9233D09255997E100B96C32 /* VCUtilities.swift in Sources */ = {isa = PBXBuildFile; fileRef = D9233D08255997E100B96C32 /* VCUtilities.swift */; };
		D92FA4B1255B03DF00570372 /* Ingredient.swift in Sources */ = {isa = PBXBuildFile; fileRef = D92FA4B0255B03DF00570372 /* Ingredient.swift */; };
		D92FA4B7255B067000570372 /* Reciplease.xcdatamodeld in Sources */ = {isa = PBXBuildFile; fileRef = D92FA4B5255B067000570372 /* Reciplease.xcdatamodeld */; };
		D92FA4BC255B07AD00570372 /* FridgeService.swift in Sources */ = {isa = PBXBuildFile; fileRef = D92FA4BB255B07AD00570372 /* FridgeService.swift */; };
		D92FA4C4255B0B4D00570372 /* StoredIngredient+extension.swift in Sources */ = {isa = PBXBuildFile; fileRef = D92FA4C3255B0B4D00570372 /* StoredIngredient+extension.swift */; };
		D92FA4E9255C427B00570372 /* FridgeServicesTestCase.swift in Sources */ = {isa = PBXBuildFile; fileRef = D92FA4E8255C427B00570372 /* FridgeServicesTestCase.swift */; };
		D92FA4F1255C429F00570372 /* RecipesServicesTestCase.swift in Sources */ = {isa = PBXBuildFile; fileRef = D92FA4F0255C429F00570372 /* RecipesServicesTestCase.swift */; };
		D92FA4F7255C456900570372 /* UtilitiesTestCase.swift in Sources */ = {isa = PBXBuildFile; fileRef = D92FA4F6255C456900570372 /* UtilitiesTestCase.swift */; };
		D9398FF02557F4EC009ED81C /* RecipeViewController.swift in Sources */ = {isa = PBXBuildFile; fileRef = D9398FEF2557F4EC009ED81C /* RecipeViewController.swift */; };
		D9398FF52557F515009ED81C /* ListRecipeViewController.swift in Sources */ = {isa = PBXBuildFile; fileRef = D9398FF42557F515009ED81C /* ListRecipeViewController.swift */; };
		D93990052558042D009ED81C /* SearchIngredientViewController.swift in Sources */ = {isa = PBXBuildFile; fileRef = D93990042558042D009ED81C /* SearchIngredientViewController.swift */; };
		D950F278255D7E0A007B74E6 /* APIServices.swift in Sources */ = {isa = PBXBuildFile; fileRef = D950F277255D7E0A007B74E6 /* APIServices.swift */; };
		D96EF29B256D716000DE8A97 /* Favorite.swift in Sources */ = {isa = PBXBuildFile; fileRef = D96EF29A256D716000DE8A97 /* Favorite.swift */; };
		D96EF2A3256D71BB00DE8A97 /* StoredFavorite+extension.swift in Sources */ = {isa = PBXBuildFile; fileRef = D96EF2A2256D71BB00DE8A97 /* StoredFavorite+extension.swift */; };
		D96EF2B6256E9B8F00DE8A97 /* FavoriteNavigationControllerViewController.swift in Sources */ = {isa = PBXBuildFile; fileRef = D96EF2B5256E9B8F00DE8A97 /* FavoriteNavigationControllerViewController.swift */; };
		D997B3C3255AE659008C036E /* RecipeTableViewCell.swift in Sources */ = {isa = PBXBuildFile; fileRef = D997B3C2255AE659008C036E /* RecipeTableViewCell.swift */; };
		D997B3C8255AEE4A008C036E /* UIImageView Extension.swift in Sources */ = {isa = PBXBuildFile; fileRef = D997B3C7255AEE4A008C036E /* UIImageView Extension.swift */; };
		D997B3E0255AF9EE008C036E /* ListRecipeViewController Extension+UITableViewDataSource.swift in Sources */ = {isa = PBXBuildFile; fileRef = D997B3DF255AF9EE008C036E /* ListRecipeViewController Extension+UITableViewDataSource.swift */; };
		D9B9FAB82551BAC900A9C5A6 /* AppDelegate.swift in Sources */ = {isa = PBXBuildFile; fileRef = D9B9FAB72551BAC900A9C5A6 /* AppDelegate.swift */; };
		D9B9FABA2551BAC900A9C5A6 /* SceneDelegate.swift in Sources */ = {isa = PBXBuildFile; fileRef = D9B9FAB92551BAC900A9C5A6 /* SceneDelegate.swift */; };
		D9B9FABF2551BAC900A9C5A6 /* Main.storyboard in Resources */ = {isa = PBXBuildFile; fileRef = D9B9FABD2551BAC900A9C5A6 /* Main.storyboard */; };
		D9B9FAC42551BACB00A9C5A6 /* Assets.xcassets in Resources */ = {isa = PBXBuildFile; fileRef = D9B9FAC32551BACB00A9C5A6 /* Assets.xcassets */; };
		D9B9FAC72551BACB00A9C5A6 /* LaunchScreen.storyboard in Resources */ = {isa = PBXBuildFile; fileRef = D9B9FAC52551BACB00A9C5A6 /* LaunchScreen.storyboard */; };
		D9B9FAD22551BACB00A9C5A6 /* RecipleaseTests.swift in Sources */ = {isa = PBXBuildFile; fileRef = D9B9FAD12551BACB00A9C5A6 /* RecipleaseTests.swift */; };
		D9B9FADD2551BACB00A9C5A6 /* RecipleaseUITests.swift in Sources */ = {isa = PBXBuildFile; fileRef = D9B9FADC2551BACB00A9C5A6 /* RecipleaseUITests.swift */; };
		D9D61E86256AE8C900870D77 /* WebViewController.swift in Sources */ = {isa = PBXBuildFile; fileRef = D9D61E85256AE8C900870D77 /* WebViewController.swift */; };
		D9D9CB492552A4620026C975 /* ApiKeys.plist in Resources */ = {isa = PBXBuildFile; fileRef = D9D9CB482552A4620026C975 /* ApiKeys.plist */; };
		D9D9CB502552A9C50026C975 /* Utilities.swift in Sources */ = {isa = PBXBuildFile; fileRef = D9D9CB4F2552A9C50026C975 /* Utilities.swift */; };
		D9D9CB64255319C20026C975 /* EdamamDataStruct.swift in Sources */ = {isa = PBXBuildFile; fileRef = D9D9CB63255319C20026C975 /* EdamamDataStruct.swift */; };
		D9D9CB6E255416320026C975 /* Edaman.json in Resources */ = {isa = PBXBuildFile; fileRef = D9D9CB6D255416320026C975 /* Edaman.json */; };
		D9F979372564432B00F304F4 /* RecipesService.swift in Sources */ = {isa = PBXBuildFile; fileRef = D9F979362564432B00F304F4 /* RecipesService.swift */; };
		D9F9794925658DAB00F304F4 /* RecipePleaseStruct.swift in Sources */ = {isa = PBXBuildFile; fileRef = D9F9794825658DAB00F304F4 /* RecipePleaseStruct.swift */; };
		D9F979622567BB1B00F304F4 /* Services.swift in Sources */ = {isa = PBXBuildFile; fileRef = D9F979612567BB1B00F304F4 /* Services.swift */; };
/* End PBXBuildFile section */

/* Begin PBXContainerItemProxy section */
		D9B9FACE2551BACB00A9C5A6 /* PBXContainerItemProxy */ = {
			isa = PBXContainerItemProxy;
			containerPortal = D9B9FAAC2551BAC900A9C5A6 /* Project object */;
			proxyType = 1;
			remoteGlobalIDString = D9B9FAB32551BAC900A9C5A6;
			remoteInfo = Reciplease;
		};
		D9B9FAD92551BACB00A9C5A6 /* PBXContainerItemProxy */ = {
			isa = PBXContainerItemProxy;
			containerPortal = D9B9FAAC2551BAC900A9C5A6 /* Project object */;
			proxyType = 1;
			remoteGlobalIDString = D9B9FAB32551BAC900A9C5A6;
			remoteInfo = Reciplease;
		};
/* End PBXContainerItemProxy section */

/* Begin PBXFileReference section */
		061E70ED93E4AA825464EA2C /* Pods-Reciplease-RecipleaseUITests.release.xcconfig */ = {isa = PBXFileReference; includeInIndex = 1; lastKnownFileType = text.xcconfig; name = "Pods-Reciplease-RecipleaseUITests.release.xcconfig"; path = "Target Support Files/Pods-Reciplease-RecipleaseUITests/Pods-Reciplease-RecipleaseUITests.release.xcconfig"; sourceTree = "<group>"; };
		10F1A855F632CCBA5FD86DBC /* Pods_Reciplease_RecipleaseUITests.framework */ = {isa = PBXFileReference; explicitFileType = wrapper.framework; includeInIndex = 0; path = Pods_Reciplease_RecipleaseUITests.framework; sourceTree = BUILT_PRODUCTS_DIR; };
		21C358E27742F9DE4EB024C1 /* Pods-RecipleaseTests.debug.xcconfig */ = {isa = PBXFileReference; includeInIndex = 1; lastKnownFileType = text.xcconfig; name = "Pods-RecipleaseTests.debug.xcconfig"; path = "Target Support Files/Pods-RecipleaseTests/Pods-RecipleaseTests.debug.xcconfig"; sourceTree = "<group>"; };
		2445EC87DFB85DC40ACD9438 /* Pods_RecipleaseTests.framework */ = {isa = PBXFileReference; explicitFileType = wrapper.framework; includeInIndex = 0; path = Pods_RecipleaseTests.framework; sourceTree = BUILT_PRODUCTS_DIR; };
		4482B7E70CCD8AAFE06BCF82 /* Pods-Reciplease-RecipleaseUITests.debug.xcconfig */ = {isa = PBXFileReference; includeInIndex = 1; lastKnownFileType = text.xcconfig; name = "Pods-Reciplease-RecipleaseUITests.debug.xcconfig"; path = "Target Support Files/Pods-Reciplease-RecipleaseUITests/Pods-Reciplease-RecipleaseUITests.debug.xcconfig"; sourceTree = "<group>"; };
		6AD9A92F3CF199D06AD4B893 /* Pods-Reciplease.debug.xcconfig */ = {isa = PBXFileReference; includeInIndex = 1; lastKnownFileType = text.xcconfig; name = "Pods-Reciplease.debug.xcconfig"; path = "Target Support Files/Pods-Reciplease/Pods-Reciplease.debug.xcconfig"; sourceTree = "<group>"; };
		94E5ED29C5B2C7890AD7B982 /* Pods_Reciplease.framework */ = {isa = PBXFileReference; explicitFileType = wrapper.framework; includeInIndex = 0; path = Pods_Reciplease.framework; sourceTree = BUILT_PRODUCTS_DIR; };
		A7BF87F0343EFCA08A924899 /* Pods-RecipleaseTests.release.xcconfig */ = {isa = PBXFileReference; includeInIndex = 1; lastKnownFileType = text.xcconfig; name = "Pods-RecipleaseTests.release.xcconfig"; path = "Target Support Files/Pods-RecipleaseTests/Pods-RecipleaseTests.release.xcconfig"; sourceTree = "<group>"; };
		D9233CF5255986E300B96C32 /* SearchIngredientViewController+UITextFieldDelegate.swift */ = {isa = PBXFileReference; lastKnownFileType = sourcecode.swift; path = "SearchIngredientViewController+UITextFieldDelegate.swift"; sourceTree = "<group>"; };
		D9233CFD25598EBE00B96C32 /* Fridge.swift */ = {isa = PBXFileReference; lastKnownFileType = sourcecode.swift; path = Fridge.swift; sourceTree = "<group>"; };
		D9233D08255997E100B96C32 /* VCUtilities.swift */ = {isa = PBXFileReference; lastKnownFileType = sourcecode.swift; path = VCUtilities.swift; sourceTree = "<group>"; };
		D92FA4B0255B03DF00570372 /* Ingredient.swift */ = {isa = PBXFileReference; lastKnownFileType = sourcecode.swift; path = Ingredient.swift; sourceTree = "<group>"; };
		D92FA4B6255B067000570372 /* Reciplease.xcdatamodel */ = {isa = PBXFileReference; lastKnownFileType = wrapper.xcdatamodel; path = Reciplease.xcdatamodel; sourceTree = "<group>"; };
		D92FA4BB255B07AD00570372 /* FridgeService.swift */ = {isa = PBXFileReference; lastKnownFileType = sourcecode.swift; name = FridgeService.swift; path = Reciplease/Model/FridgeService.swift; sourceTree = SOURCE_ROOT; };
		D92FA4C3255B0B4D00570372 /* StoredIngredient+extension.swift */ = {isa = PBXFileReference; lastKnownFileType = sourcecode.swift; path = "StoredIngredient+extension.swift"; sourceTree = "<group>"; };
		D92FA4E8255C427B00570372 /* FridgeServicesTestCase.swift */ = {isa = PBXFileReference; lastKnownFileType = sourcecode.swift; path = FridgeServicesTestCase.swift; sourceTree = "<group>"; };
		D92FA4F0255C429F00570372 /* RecipesServicesTestCase.swift */ = {isa = PBXFileReference; lastKnownFileType = sourcecode.swift; path = RecipesServicesTestCase.swift; sourceTree = "<group>"; };
		D92FA4F6255C456900570372 /* UtilitiesTestCase.swift */ = {isa = PBXFileReference; lastKnownFileType = sourcecode.swift; path = UtilitiesTestCase.swift; sourceTree = "<group>"; };
		D9398FEF2557F4EC009ED81C /* RecipeViewController.swift */ = {isa = PBXFileReference; lastKnownFileType = sourcecode.swift; path = RecipeViewController.swift; sourceTree = "<group>"; };
		D9398FF42557F515009ED81C /* ListRecipeViewController.swift */ = {isa = PBXFileReference; lastKnownFileType = sourcecode.swift; path = ListRecipeViewController.swift; sourceTree = "<group>"; };
		D93990042558042D009ED81C /* SearchIngredientViewController.swift */ = {isa = PBXFileReference; lastKnownFileType = sourcecode.swift; path = SearchIngredientViewController.swift; sourceTree = "<group>"; };
		D950F277255D7E0A007B74E6 /* APIServices.swift */ = {isa = PBXFileReference; lastKnownFileType = sourcecode.swift; path = APIServices.swift; sourceTree = "<group>"; };
		D96EF29A256D716000DE8A97 /* Favorite.swift */ = {isa = PBXFileReference; lastKnownFileType = sourcecode.swift; path = Favorite.swift; sourceTree = "<group>"; };
		D96EF2A2256D71BB00DE8A97 /* StoredFavorite+extension.swift */ = {isa = PBXFileReference; lastKnownFileType = sourcecode.swift; path = "StoredFavorite+extension.swift"; sourceTree = "<group>"; };
		D96EF2B5256E9B8F00DE8A97 /* FavoriteNavigationControllerViewController.swift */ = {isa = PBXFileReference; lastKnownFileType = sourcecode.swift; path = FavoriteNavigationControllerViewController.swift; sourceTree = "<group>"; };
		D997B3C2255AE659008C036E /* RecipeTableViewCell.swift */ = {isa = PBXFileReference; lastKnownFileType = sourcecode.swift; path = RecipeTableViewCell.swift; sourceTree = "<group>"; };
		D997B3C7255AEE4A008C036E /* UIImageView Extension.swift */ = {isa = PBXFileReference; lastKnownFileType = sourcecode.swift; path = "UIImageView Extension.swift"; sourceTree = "<group>"; };
		D997B3DF255AF9EE008C036E /* ListRecipeViewController Extension+UITableViewDataSource.swift */ = {isa = PBXFileReference; lastKnownFileType = sourcecode.swift; path = "ListRecipeViewController Extension+UITableViewDataSource.swift"; sourceTree = "<group>"; };
		D9B9FAB42551BAC900A9C5A6 /* Reciplease.app */ = {isa = PBXFileReference; explicitFileType = wrapper.application; includeInIndex = 0; path = Reciplease.app; sourceTree = BUILT_PRODUCTS_DIR; };
		D9B9FAB72551BAC900A9C5A6 /* AppDelegate.swift */ = {isa = PBXFileReference; lastKnownFileType = sourcecode.swift; path = AppDelegate.swift; sourceTree = "<group>"; };
		D9B9FAB92551BAC900A9C5A6 /* SceneDelegate.swift */ = {isa = PBXFileReference; lastKnownFileType = sourcecode.swift; path = SceneDelegate.swift; sourceTree = "<group>"; };
		D9B9FABE2551BAC900A9C5A6 /* Base */ = {isa = PBXFileReference; lastKnownFileType = file.storyboard; name = Base; path = Base.lproj/Main.storyboard; sourceTree = "<group>"; };
		D9B9FAC32551BACB00A9C5A6 /* Assets.xcassets */ = {isa = PBXFileReference; lastKnownFileType = folder.assetcatalog; path = Assets.xcassets; sourceTree = "<group>"; };
		D9B9FAC62551BACB00A9C5A6 /* Base */ = {isa = PBXFileReference; lastKnownFileType = file.storyboard; name = Base; path = Base.lproj/LaunchScreen.storyboard; sourceTree = "<group>"; };
		D9B9FAC82551BACB00A9C5A6 /* Info.plist */ = {isa = PBXFileReference; lastKnownFileType = text.plist.xml; path = Info.plist; sourceTree = "<group>"; };
		D9B9FACD2551BACB00A9C5A6 /* RecipleaseTests.xctest */ = {isa = PBXFileReference; explicitFileType = wrapper.cfbundle; includeInIndex = 0; path = RecipleaseTests.xctest; sourceTree = BUILT_PRODUCTS_DIR; };
		D9B9FAD12551BACB00A9C5A6 /* RecipleaseTests.swift */ = {isa = PBXFileReference; lastKnownFileType = sourcecode.swift; path = RecipleaseTests.swift; sourceTree = "<group>"; };
		D9B9FAD32551BACB00A9C5A6 /* Info.plist */ = {isa = PBXFileReference; lastKnownFileType = text.plist.xml; path = Info.plist; sourceTree = "<group>"; };
		D9B9FAD82551BACB00A9C5A6 /* RecipleaseUITests.xctest */ = {isa = PBXFileReference; explicitFileType = wrapper.cfbundle; includeInIndex = 0; path = RecipleaseUITests.xctest; sourceTree = BUILT_PRODUCTS_DIR; };
		D9B9FADC2551BACB00A9C5A6 /* RecipleaseUITests.swift */ = {isa = PBXFileReference; lastKnownFileType = sourcecode.swift; path = RecipleaseUITests.swift; sourceTree = "<group>"; };
		D9B9FADE2551BACB00A9C5A6 /* Info.plist */ = {isa = PBXFileReference; lastKnownFileType = text.plist.xml; path = Info.plist; sourceTree = "<group>"; };
		D9D61E85256AE8C900870D77 /* WebViewController.swift */ = {isa = PBXFileReference; lastKnownFileType = sourcecode.swift; path = WebViewController.swift; sourceTree = "<group>"; };
		D9D9CB482552A4620026C975 /* ApiKeys.plist */ = {isa = PBXFileReference; lastKnownFileType = text.plist.xml; path = ApiKeys.plist; sourceTree = "<group>"; };
		D9D9CB4F2552A9C50026C975 /* Utilities.swift */ = {isa = PBXFileReference; lastKnownFileType = sourcecode.swift; path = Utilities.swift; sourceTree = "<group>"; };
		D9D9CB63255319C20026C975 /* EdamamDataStruct.swift */ = {isa = PBXFileReference; lastKnownFileType = sourcecode.swift; path = EdamamDataStruct.swift; sourceTree = "<group>"; };
		D9D9CB6D255416320026C975 /* Edaman.json */ = {isa = PBXFileReference; lastKnownFileType = text.json; path = Edaman.json; sourceTree = "<group>"; };
		D9F979362564432B00F304F4 /* RecipesService.swift */ = {isa = PBXFileReference; lastKnownFileType = sourcecode.swift; path = RecipesService.swift; sourceTree = "<group>"; };
		D9F9794825658DAB00F304F4 /* RecipePleaseStruct.swift */ = {isa = PBXFileReference; lastKnownFileType = sourcecode.swift; name = RecipePleaseStruct.swift; path = /Users/laurentdebeaujon/Documents/Fichiers/MonDepot/Reciplease/Reciplease/Model/RecipePleaseStruct.swift; sourceTree = "<absolute>"; };
		D9F979612567BB1B00F304F4 /* Services.swift */ = {isa = PBXFileReference; lastKnownFileType = sourcecode.swift; path = Services.swift; sourceTree = "<group>"; };
		F85F50CE79039B6CF0F52272 /* Pods-Reciplease.release.xcconfig */ = {isa = PBXFileReference; includeInIndex = 1; lastKnownFileType = text.xcconfig; name = "Pods-Reciplease.release.xcconfig"; path = "Target Support Files/Pods-Reciplease/Pods-Reciplease.release.xcconfig"; sourceTree = "<group>"; };
/* End PBXFileReference section */

/* Begin PBXFrameworksBuildPhase section */
		D9B9FAB12551BAC900A9C5A6 /* Frameworks */ = {
			isa = PBXFrameworksBuildPhase;
			buildActionMask = 2147483647;
			files = (
				A565F7BF983C3ED956B52BB2 /* Pods_Reciplease.framework in Frameworks */,
			);
			runOnlyForDeploymentPostprocessing = 0;
		};
		D9B9FACA2551BACB00A9C5A6 /* Frameworks */ = {
			isa = PBXFrameworksBuildPhase;
			buildActionMask = 2147483647;
			files = (
				B5B4AF8FB19164FA5B85CAE9 /* Pods_RecipleaseTests.framework in Frameworks */,
			);
			runOnlyForDeploymentPostprocessing = 0;
		};
		D9B9FAD52551BACB00A9C5A6 /* Frameworks */ = {
			isa = PBXFrameworksBuildPhase;
			buildActionMask = 2147483647;
			files = (
				D0A5156FEB1B6FBF9A4F5A79 /* Pods_Reciplease_RecipleaseUITests.framework in Frameworks */,
			);
			runOnlyForDeploymentPostprocessing = 0;
		};
/* End PBXFrameworksBuildPhase section */

/* Begin PBXGroup section */
		4A3C6F116D1575B3349F871E /* Pods */ = {
			isa = PBXGroup;
			children = (
				6AD9A92F3CF199D06AD4B893 /* Pods-Reciplease.debug.xcconfig */,
				F85F50CE79039B6CF0F52272 /* Pods-Reciplease.release.xcconfig */,
				4482B7E70CCD8AAFE06BCF82 /* Pods-Reciplease-RecipleaseUITests.debug.xcconfig */,
				061E70ED93E4AA825464EA2C /* Pods-Reciplease-RecipleaseUITests.release.xcconfig */,
				21C358E27742F9DE4EB024C1 /* Pods-RecipleaseTests.debug.xcconfig */,
				A7BF87F0343EFCA08A924899 /* Pods-RecipleaseTests.release.xcconfig */,
			);
			path = Pods;
			sourceTree = "<group>";
		};
		C6ADC7AF7913DC0060B640FF /* Frameworks */ = {
			isa = PBXGroup;
			children = (
				94E5ED29C5B2C7890AD7B982 /* Pods_Reciplease.framework */,
				10F1A855F632CCBA5FD86DBC /* Pods_Reciplease_RecipleaseUITests.framework */,
				2445EC87DFB85DC40ACD9438 /* Pods_RecipleaseTests.framework */,
			);
			name = Frameworks;
			sourceTree = "<group>";
		};
		D9233D072559977400B96C32 /* ViewControllerUtilities */ = {
			isa = PBXGroup;
			children = (
				D9233D08255997E100B96C32 /* VCUtilities.swift */,
				D997B3C7255AEE4A008C036E /* UIImageView Extension.swift */,
			);
			name = ViewControllerUtilities;
			sourceTree = "<group>";
		};
		D92FA4D6255C3D2E00570372 /* Fridge */ = {
			isa = PBXGroup;
			children = (
				D92FA4BB255B07AD00570372 /* FridgeService.swift */,
				D9233CFD25598EBE00B96C32 /* Fridge.swift */,
			);
			name = Fridge;
			sourceTree = "<group>";
		};
		D92FA4D7255C3D4B00570372 /* Ingredients */ = {
			isa = PBXGroup;
			children = (
				D92FA4C3255B0B4D00570372 /* StoredIngredient+extension.swift */,
				D92FA4B0255B03DF00570372 /* Ingredient.swift */,
			);
			name = Ingredients;
			sourceTree = "<group>";
		};
		D92FA4E4255C3EAC00570372 /* Recipes */ = {
			isa = PBXGroup;
			children = (
				D92FA4E5255C3F1400570372 /* Edamam */,
				D9F9794825658DAB00F304F4 /* RecipePleaseStruct.swift */,
				D9F97935256442DA00F304F4 /* Services */,
			);
			name = Recipes;
			sourceTree = "<group>";
		};
		D92FA4E5255C3F1400570372 /* Edamam */ = {
			isa = PBXGroup;
			children = (
				D9D9CB63255319C20026C975 /* EdamamDataStruct.swift */,
			);
			name = Edamam;
			sourceTree = "<group>";
		};
		D92FA4E6255C41CA00570372 /* FridgeTests */ = {
			isa = PBXGroup;
			children = (
				D92FA4E8255C427B00570372 /* FridgeServicesTestCase.swift */,
			);
			name = FridgeTests;
			sourceTree = "<group>";
		};
		D92FA4E7255C41DA00570372 /* IngredientTests */ = {
			isa = PBXGroup;
			children = (
			);
			name = IngredientTests;
			sourceTree = "<group>";
		};
		D92FA4F5255C454900570372 /* UtilitiesTests */ = {
			isa = PBXGroup;
			children = (
				D92FA4F6255C456900570372 /* UtilitiesTestCase.swift */,
			);
			name = UtilitiesTests;
			sourceTree = "<group>";
		};
		D96EF299256D712A00DE8A97 /* Favorites */ = {
			isa = PBXGroup;
			children = (
				D96EF2A2256D71BB00DE8A97 /* StoredFavorite+extension.swift */,
				D96EF29A256D716000DE8A97 /* Favorite.swift */,
			);
			name = Favorites;
			sourceTree = "<group>";
		};
		D9B9FAAB2551BAC900A9C5A6 = {
			isa = PBXGroup;
			children = (
				D9B9FAB62551BAC900A9C5A6 /* Reciplease */,
				D9B9FAD02551BACB00A9C5A6 /* RecipleaseTests */,
				D9B9FADB2551BACB00A9C5A6 /* RecipleaseUITests */,
				D9B9FAB52551BAC900A9C5A6 /* Products */,
				4A3C6F116D1575B3349F871E /* Pods */,
				C6ADC7AF7913DC0060B640FF /* Frameworks */,
			);
			sourceTree = "<group>";
		};
		D9B9FAB52551BAC900A9C5A6 /* Products */ = {
			isa = PBXGroup;
			children = (
				D9B9FAB42551BAC900A9C5A6 /* Reciplease.app */,
				D9B9FACD2551BACB00A9C5A6 /* RecipleaseTests.xctest */,
				D9B9FAD82551BACB00A9C5A6 /* RecipleaseUITests.xctest */,
			);
			name = Products;
			sourceTree = "<group>";
		};
		D9B9FAB62551BAC900A9C5A6 /* Reciplease */ = {
			isa = PBXGroup;
			children = (
				D9D9CB462552A05E0026C975 /* Model */,
				D9D9CB452552A0480026C975 /* Controller */,
				D9D9CB442552A0400026C975 /* View */,
				D9D9CB472552A0670026C975 /* Supporting Files */,
			);
			path = Reciplease;
			sourceTree = "<group>";
		};
		D9B9FAD02551BACB00A9C5A6 /* RecipleaseTests */ = {
			isa = PBXGroup;
			children = (
				D92FA4F5255C454900570372 /* UtilitiesTests */,
				D92FA4E7255C41DA00570372 /* IngredientTests */,
				D92FA4E6255C41CA00570372 /* FridgeTests */,
				D9D9CB72255416C60026C975 /* RecipeTests */,
				D9B9FAD32551BACB00A9C5A6 /* Info.plist */,
			);
			path = RecipleaseTests;
			sourceTree = "<group>";
		};
		D9B9FADB2551BACB00A9C5A6 /* RecipleaseUITests */ = {
			isa = PBXGroup;
			children = (
				D9B9FADC2551BACB00A9C5A6 /* RecipleaseUITests.swift */,
				D9B9FADE2551BACB00A9C5A6 /* Info.plist */,
			);
			path = RecipleaseUITests;
			sourceTree = "<group>";
		};
		D9D61E83256AE82400870D77 /* Search */ = {
			isa = PBXGroup;
			children = (
				D9233CF5255986E300B96C32 /* SearchIngredientViewController+UITextFieldDelegate.swift */,
				D93990042558042D009ED81C /* SearchIngredientViewController.swift */,
			);
			name = Search;
			sourceTree = "<group>";
		};
		D9D61E84256AE87100870D77 /* recipe */ = {
			isa = PBXGroup;
			children = (
				D997B3C2255AE659008C036E /* RecipeTableViewCell.swift */,
				D9398FEF2557F4EC009ED81C /* RecipeViewController.swift */,
				D9D61E85256AE8C900870D77 /* WebViewController.swift */,
			);
			name = recipe;
			sourceTree = "<group>";
		};
		D9D9CB442552A0400026C975 /* View */ = {
			isa = PBXGroup;
			children = (
				D9B9FAC52551BACB00A9C5A6 /* LaunchScreen.storyboard */,
				D9B9FABD2551BAC900A9C5A6 /* Main.storyboard */,
			);
			path = View;
			sourceTree = "<group>";
		};
		D9D9CB452552A0480026C975 /* Controller */ = {
			isa = PBXGroup;
			children = (
				D9D61E84256AE87100870D77 /* recipe */,
				D9D61E83256AE82400870D77 /* Search */,
				D9233D072559977400B96C32 /* ViewControllerUtilities */,
				D9398FF42557F515009ED81C /* ListRecipeViewController.swift */,
				D997B3DF255AF9EE008C036E /* ListRecipeViewController Extension+UITableViewDataSource.swift */,
				D96EF2B5256E9B8F00DE8A97 /* FavoriteNavigationControllerViewController.swift */,
			);
			path = Controller;
			sourceTree = "<group>";
		};
		D9D9CB462552A05E0026C975 /* Model */ = {
			isa = PBXGroup;
			children = (
				D92FA4B5255B067000570372 /* Reciplease.xcdatamodeld */,
				D92FA4E4255C3EAC00570372 /* Recipes */,
				D96EF299256D712A00DE8A97 /* Favorites */,
				D92FA4D7255C3D4B00570372 /* Ingredients */,
				D92FA4D6255C3D2E00570372 /* Fridge */,
				D9D9CB4F2552A9C50026C975 /* Utilities.swift */,
			);
			path = Model;
			sourceTree = "<group>";
		};
		D9D9CB472552A0670026C975 /* Supporting Files */ = {
			isa = PBXGroup;
			children = (
				D9B9FAC32551BACB00A9C5A6 /* Assets.xcassets */,
				D9B9FAB72551BAC900A9C5A6 /* AppDelegate.swift */,
				D9B9FAB92551BAC900A9C5A6 /* SceneDelegate.swift */,
				D9B9FAC82551BACB00A9C5A6 /* Info.plist */,
				D9D9CB482552A4620026C975 /* ApiKeys.plist */,
			);
			path = "Supporting Files";
			sourceTree = "<group>";
		};
		D9D9CB72255416C60026C975 /* RecipeTests */ = {
			isa = PBXGroup;
			children = (
				D9B9FAD12551BACB00A9C5A6 /* RecipleaseTests.swift */,
				D9D9CB6D255416320026C975 /* Edaman.json */,
				D92FA4F0255C429F00570372 /* RecipesServicesTestCase.swift */,
			);
			name = RecipeTests;
			sourceTree = "<group>";
		};
		D9F97935256442DA00F304F4 /* Services */ = {
			isa = PBXGroup;
			children = (
				D950F277255D7E0A007B74E6 /* APIServices.swift */,
				D9F979362564432B00F304F4 /* RecipesService.swift */,
				D9F979612567BB1B00F304F4 /* Services.swift */,
			);
			name = Services;
			sourceTree = "<group>";
		};
/* End PBXGroup section */

/* Begin PBXNativeTarget section */
		D9B9FAB32551BAC900A9C5A6 /* Reciplease */ = {
			isa = PBXNativeTarget;
			buildConfigurationList = D9B9FAE12551BACB00A9C5A6 /* Build configuration list for PBXNativeTarget "Reciplease" */;
			buildPhases = (
				F824BA50B57810B2E5881D7A /* [CP] Check Pods Manifest.lock */,
				D9B9FAB02551BAC900A9C5A6 /* Sources */,
				D9B9FAB12551BAC900A9C5A6 /* Frameworks */,
				D9B9FAB22551BAC900A9C5A6 /* Resources */,
				65375120135B9309B4CD33BC /* [CP] Embed Pods Frameworks */,
				D9D9CB762555309E0026C975 /* ShellScript */,
			);
			buildRules = (
			);
			dependencies = (
			);
			name = Reciplease;
			productName = Reciplease;
			productReference = D9B9FAB42551BAC900A9C5A6 /* Reciplease.app */;
			productType = "com.apple.product-type.application";
		};
		D9B9FACC2551BACB00A9C5A6 /* RecipleaseTests */ = {
			isa = PBXNativeTarget;
			buildConfigurationList = D9B9FAE42551BACB00A9C5A6 /* Build configuration list for PBXNativeTarget "RecipleaseTests" */;
			buildPhases = (
				382DF565281FEDE581A4359A /* [CP] Check Pods Manifest.lock */,
				D9B9FAC92551BACB00A9C5A6 /* Sources */,
				D9B9FACA2551BACB00A9C5A6 /* Frameworks */,
				D9B9FACB2551BACB00A9C5A6 /* Resources */,
			);
			buildRules = (
			);
			dependencies = (
				D9B9FACF2551BACB00A9C5A6 /* PBXTargetDependency */,
			);
			name = RecipleaseTests;
			productName = RecipleaseTests;
			productReference = D9B9FACD2551BACB00A9C5A6 /* RecipleaseTests.xctest */;
			productType = "com.apple.product-type.bundle.unit-test";
		};
		D9B9FAD72551BACB00A9C5A6 /* RecipleaseUITests */ = {
			isa = PBXNativeTarget;
			buildConfigurationList = D9B9FAE72551BACB00A9C5A6 /* Build configuration list for PBXNativeTarget "RecipleaseUITests" */;
			buildPhases = (
				FA85D67FA2E89D594ED57D8A /* [CP] Check Pods Manifest.lock */,
				D9B9FAD42551BACB00A9C5A6 /* Sources */,
				D9B9FAD52551BACB00A9C5A6 /* Frameworks */,
				D9B9FAD62551BACB00A9C5A6 /* Resources */,
				81DE6B57F440E054DCA2FEDE /* [CP] Embed Pods Frameworks */,
			);
			buildRules = (
			);
			dependencies = (
				D9B9FADA2551BACB00A9C5A6 /* PBXTargetDependency */,
			);
			name = RecipleaseUITests;
			productName = RecipleaseUITests;
			productReference = D9B9FAD82551BACB00A9C5A6 /* RecipleaseUITests.xctest */;
			productType = "com.apple.product-type.bundle.ui-testing";
		};
/* End PBXNativeTarget section */

/* Begin PBXProject section */
		D9B9FAAC2551BAC900A9C5A6 /* Project object */ = {
			isa = PBXProject;
			attributes = {
				LastSwiftUpdateCheck = 1210;
				LastUpgradeCheck = 1210;
				TargetAttributes = {
					D9B9FAB32551BAC900A9C5A6 = {
						CreatedOnToolsVersion = 12.1;
					};
					D9B9FACC2551BACB00A9C5A6 = {
						CreatedOnToolsVersion = 12.1;
						TestTargetID = D9B9FAB32551BAC900A9C5A6;
					};
					D9B9FAD72551BACB00A9C5A6 = {
						CreatedOnToolsVersion = 12.1;
						TestTargetID = D9B9FAB32551BAC900A9C5A6;
					};
				};
			};
			buildConfigurationList = D9B9FAAF2551BAC900A9C5A6 /* Build configuration list for PBXProject "Reciplease" */;
			compatibilityVersion = "Xcode 9.3";
			developmentRegion = en;
			hasScannedForEncodings = 0;
			knownRegions = (
				en,
				Base,
			);
			mainGroup = D9B9FAAB2551BAC900A9C5A6;
			productRefGroup = D9B9FAB52551BAC900A9C5A6 /* Products */;
			projectDirPath = "";
			projectRoot = "";
			targets = (
				D9B9FAB32551BAC900A9C5A6 /* Reciplease */,
				D9B9FACC2551BACB00A9C5A6 /* RecipleaseTests */,
				D9B9FAD72551BACB00A9C5A6 /* RecipleaseUITests */,
			);
		};
/* End PBXProject section */

/* Begin PBXResourcesBuildPhase section */
		D9B9FAB22551BAC900A9C5A6 /* Resources */ = {
			isa = PBXResourcesBuildPhase;
			buildActionMask = 2147483647;
			files = (
				D9B9FAC72551BACB00A9C5A6 /* LaunchScreen.storyboard in Resources */,
				D9D9CB492552A4620026C975 /* ApiKeys.plist in Resources */,
				D9B9FAC42551BACB00A9C5A6 /* Assets.xcassets in Resources */,
				D9B9FABF2551BAC900A9C5A6 /* Main.storyboard in Resources */,
			);
			runOnlyForDeploymentPostprocessing = 0;
		};
		D9B9FACB2551BACB00A9C5A6 /* Resources */ = {
			isa = PBXResourcesBuildPhase;
			buildActionMask = 2147483647;
			files = (
				D9D9CB6E255416320026C975 /* Edaman.json in Resources */,
			);
			runOnlyForDeploymentPostprocessing = 0;
		};
		D9B9FAD62551BACB00A9C5A6 /* Resources */ = {
			isa = PBXResourcesBuildPhase;
			buildActionMask = 2147483647;
			files = (
			);
			runOnlyForDeploymentPostprocessing = 0;
		};
/* End PBXResourcesBuildPhase section */

/* Begin PBXShellScriptBuildPhase section */
		382DF565281FEDE581A4359A /* [CP] Check Pods Manifest.lock */ = {
			isa = PBXShellScriptBuildPhase;
			buildActionMask = 2147483647;
			files = (
			);
			inputFileListPaths = (
			);
			inputPaths = (
				"${PODS_PODFILE_DIR_PATH}/Podfile.lock",
				"${PODS_ROOT}/Manifest.lock",
			);
			name = "[CP] Check Pods Manifest.lock";
			outputFileListPaths = (
			);
			outputPaths = (
				"$(DERIVED_FILE_DIR)/Pods-RecipleaseTests-checkManifestLockResult.txt",
			);
			runOnlyForDeploymentPostprocessing = 0;
			shellPath = /bin/sh;
			shellScript = "diff \"${PODS_PODFILE_DIR_PATH}/Podfile.lock\" \"${PODS_ROOT}/Manifest.lock\" > /dev/null\nif [ $? != 0 ] ; then\n    # print error to STDERR\n    echo \"error: The sandbox is not in sync with the Podfile.lock. Run 'pod install' or update your CocoaPods installation.\" >&2\n    exit 1\nfi\n# This output is used by Xcode 'outputs' to avoid re-running this script phase.\necho \"SUCCESS\" > \"${SCRIPT_OUTPUT_FILE_0}\"\n";
			showEnvVarsInLog = 0;
		};
		65375120135B9309B4CD33BC /* [CP] Embed Pods Frameworks */ = {
			isa = PBXShellScriptBuildPhase;
			buildActionMask = 2147483647;
			files = (
			);
			inputFileListPaths = (
				"${PODS_ROOT}/Target Support Files/Pods-Reciplease/Pods-Reciplease-frameworks-${CONFIGURATION}-input-files.xcfilelist",
			);
			name = "[CP] Embed Pods Frameworks";
			outputFileListPaths = (
				"${PODS_ROOT}/Target Support Files/Pods-Reciplease/Pods-Reciplease-frameworks-${CONFIGURATION}-output-files.xcfilelist",
			);
			runOnlyForDeploymentPostprocessing = 0;
			shellPath = /bin/sh;
			shellScript = "\"${PODS_ROOT}/Target Support Files/Pods-Reciplease/Pods-Reciplease-frameworks.sh\"\n";
			showEnvVarsInLog = 0;
		};
		81DE6B57F440E054DCA2FEDE /* [CP] Embed Pods Frameworks */ = {
			isa = PBXShellScriptBuildPhase;
			buildActionMask = 2147483647;
			files = (
			);
			inputFileListPaths = (
				"${PODS_ROOT}/Target Support Files/Pods-Reciplease-RecipleaseUITests/Pods-Reciplease-RecipleaseUITests-frameworks-${CONFIGURATION}-input-files.xcfilelist",
			);
			name = "[CP] Embed Pods Frameworks";
			outputFileListPaths = (
				"${PODS_ROOT}/Target Support Files/Pods-Reciplease-RecipleaseUITests/Pods-Reciplease-RecipleaseUITests-frameworks-${CONFIGURATION}-output-files.xcfilelist",
			);
			runOnlyForDeploymentPostprocessing = 0;
			shellPath = /bin/sh;
			shellScript = "\"${PODS_ROOT}/Target Support Files/Pods-Reciplease-RecipleaseUITests/Pods-Reciplease-RecipleaseUITests-frameworks.sh\"\n";
			showEnvVarsInLog = 0;
		};
		D9D9CB762555309E0026C975 /* ShellScript */ = {
			isa = PBXShellScriptBuildPhase;
			buildActionMask = 2147483647;
			files = (
			);
			inputFileListPaths = (
			);
			inputPaths = (
			);
			outputFileListPaths = (
			);
			outputPaths = (
			);
			runOnlyForDeploymentPostprocessing = 0;
			shellPath = /bin/sh;
			shellScript = "${PODS_ROOT}/SwiftLint/swiftlint\n";
		};
		F824BA50B57810B2E5881D7A /* [CP] Check Pods Manifest.lock */ = {
			isa = PBXShellScriptBuildPhase;
			buildActionMask = 2147483647;
			files = (
			);
			inputFileListPaths = (
			);
			inputPaths = (
				"${PODS_PODFILE_DIR_PATH}/Podfile.lock",
				"${PODS_ROOT}/Manifest.lock",
			);
			name = "[CP] Check Pods Manifest.lock";
			outputFileListPaths = (
			);
			outputPaths = (
				"$(DERIVED_FILE_DIR)/Pods-Reciplease-checkManifestLockResult.txt",
			);
			runOnlyForDeploymentPostprocessing = 0;
			shellPath = /bin/sh;
			shellScript = "diff \"${PODS_PODFILE_DIR_PATH}/Podfile.lock\" \"${PODS_ROOT}/Manifest.lock\" > /dev/null\nif [ $? != 0 ] ; then\n    # print error to STDERR\n    echo \"error: The sandbox is not in sync with the Podfile.lock. Run 'pod install' or update your CocoaPods installation.\" >&2\n    exit 1\nfi\n# This output is used by Xcode 'outputs' to avoid re-running this script phase.\necho \"SUCCESS\" > \"${SCRIPT_OUTPUT_FILE_0}\"\n";
			showEnvVarsInLog = 0;
		};
		FA85D67FA2E89D594ED57D8A /* [CP] Check Pods Manifest.lock */ = {
			isa = PBXShellScriptBuildPhase;
			buildActionMask = 2147483647;
			files = (
			);
			inputFileListPaths = (
			);
			inputPaths = (
				"${PODS_PODFILE_DIR_PATH}/Podfile.lock",
				"${PODS_ROOT}/Manifest.lock",
			);
			name = "[CP] Check Pods Manifest.lock";
			outputFileListPaths = (
			);
			outputPaths = (
				"$(DERIVED_FILE_DIR)/Pods-Reciplease-RecipleaseUITests-checkManifestLockResult.txt",
			);
			runOnlyForDeploymentPostprocessing = 0;
			shellPath = /bin/sh;
			shellScript = "diff \"${PODS_PODFILE_DIR_PATH}/Podfile.lock\" \"${PODS_ROOT}/Manifest.lock\" > /dev/null\nif [ $? != 0 ] ; then\n    # print error to STDERR\n    echo \"error: The sandbox is not in sync with the Podfile.lock. Run 'pod install' or update your CocoaPods installation.\" >&2\n    exit 1\nfi\n# This output is used by Xcode 'outputs' to avoid re-running this script phase.\necho \"SUCCESS\" > \"${SCRIPT_OUTPUT_FILE_0}\"\n";
			showEnvVarsInLog = 0;
		};
/* End PBXShellScriptBuildPhase section */

/* Begin PBXSourcesBuildPhase section */
		D9B9FAB02551BAC900A9C5A6 /* Sources */ = {
			isa = PBXSourcesBuildPhase;
			buildActionMask = 2147483647;
			files = (
				D9233D09255997E100B96C32 /* VCUtilities.swift in Sources */,
				D92FA4C4255B0B4D00570372 /* StoredIngredient+extension.swift in Sources */,
				D9398FF02557F4EC009ED81C /* RecipeViewController.swift in Sources */,
				D96EF2B6256E9B8F00DE8A97 /* FavoriteNavigationControllerViewController.swift in Sources */,
				D950F278255D7E0A007B74E6 /* APIServices.swift in Sources */,
				D92FA4B1255B03DF00570372 /* Ingredient.swift in Sources */,
				D9233CF6255986E300B96C32 /* SearchIngredientViewController+UITextFieldDelegate.swift in Sources */,
				D997B3C3255AE659008C036E /* RecipeTableViewCell.swift in Sources */,
				D93990052558042D009ED81C /* SearchIngredientViewController.swift in Sources */,
				D92FA4BC255B07AD00570372 /* FridgeService.swift in Sources */,
				D9D9CB64255319C20026C975 /* EdamamDataStruct.swift in Sources */,
				D9B9FAB82551BAC900A9C5A6 /* AppDelegate.swift in Sources */,
				D9F979622567BB1B00F304F4 /* Services.swift in Sources */,
				D9D9CB502552A9C50026C975 /* Utilities.swift in Sources */,
				D96EF29B256D716000DE8A97 /* Favorite.swift in Sources */,
				D9B9FABA2551BAC900A9C5A6 /* SceneDelegate.swift in Sources */,
				D9398FF52557F515009ED81C /* ListRecipeViewController.swift in Sources */,
				D96EF2A3256D71BB00DE8A97 /* StoredFavorite+extension.swift in Sources */,
				D9F979372564432B00F304F4 /* RecipesService.swift in Sources */,
				D9233CFE25598EBE00B96C32 /* Fridge.swift in Sources */,
				D997B3C8255AEE4A008C036E /* UIImageView Extension.swift in Sources */,
				D9D61E86256AE8C900870D77 /* WebViewController.swift in Sources */,
				D92FA4B7255B067000570372 /* Reciplease.xcdatamodeld in Sources */,
				D9F9794925658DAB00F304F4 /* RecipePleaseStruct.swift in Sources */,
				D997B3E0255AF9EE008C036E /* ListRecipeViewController Extension+UITableViewDataSource.swift in Sources */,
			);
			runOnlyForDeploymentPostprocessing = 0;
		};
		D9B9FAC92551BACB00A9C5A6 /* Sources */ = {
			isa = PBXSourcesBuildPhase;
			buildActionMask = 2147483647;
			files = (
				D92FA4E9255C427B00570372 /* FridgeServicesTestCase.swift in Sources */,
				D9B9FAD22551BACB00A9C5A6 /* RecipleaseTests.swift in Sources */,
				D92FA4F7255C456900570372 /* UtilitiesTestCase.swift in Sources */,
				D92FA4F1255C429F00570372 /* RecipesServicesTestCase.swift in Sources */,
			);
			runOnlyForDeploymentPostprocessing = 0;
		};
		D9B9FAD42551BACB00A9C5A6 /* Sources */ = {
			isa = PBXSourcesBuildPhase;
			buildActionMask = 2147483647;
			files = (
				D9B9FADD2551BACB00A9C5A6 /* RecipleaseUITests.swift in Sources */,
			);
			runOnlyForDeploymentPostprocessing = 0;
		};
/* End PBXSourcesBuildPhase section */

/* Begin PBXTargetDependency section */
		D9B9FACF2551BACB00A9C5A6 /* PBXTargetDependency */ = {
			isa = PBXTargetDependency;
			target = D9B9FAB32551BAC900A9C5A6 /* Reciplease */;
			targetProxy = D9B9FACE2551BACB00A9C5A6 /* PBXContainerItemProxy */;
		};
		D9B9FADA2551BACB00A9C5A6 /* PBXTargetDependency */ = {
			isa = PBXTargetDependency;
			target = D9B9FAB32551BAC900A9C5A6 /* Reciplease */;
			targetProxy = D9B9FAD92551BACB00A9C5A6 /* PBXContainerItemProxy */;
		};
/* End PBXTargetDependency section */

/* Begin PBXVariantGroup section */
		D9B9FABD2551BAC900A9C5A6 /* Main.storyboard */ = {
			isa = PBXVariantGroup;
			children = (
				D9B9FABE2551BAC900A9C5A6 /* Base */,
			);
			name = Main.storyboard;
			sourceTree = "<group>";
		};
		D9B9FAC52551BACB00A9C5A6 /* LaunchScreen.storyboard */ = {
			isa = PBXVariantGroup;
			children = (
				D9B9FAC62551BACB00A9C5A6 /* Base */,
			);
			name = LaunchScreen.storyboard;
			sourceTree = "<group>";
		};
/* End PBXVariantGroup section */

/* Begin XCBuildConfiguration section */
		D9B9FADF2551BACB00A9C5A6 /* Debug */ = {
			isa = XCBuildConfiguration;
			buildSettings = {
				ALWAYS_SEARCH_USER_PATHS = NO;
				CLANG_ANALYZER_NONNULL = YES;
				CLANG_ANALYZER_NUMBER_OBJECT_CONVERSION = YES_AGGRESSIVE;
				CLANG_CXX_LANGUAGE_STANDARD = "gnu++14";
				CLANG_CXX_LIBRARY = "libc++";
				CLANG_ENABLE_MODULES = YES;
				CLANG_ENABLE_OBJC_ARC = YES;
				CLANG_ENABLE_OBJC_WEAK = YES;
				CLANG_WARN_BLOCK_CAPTURE_AUTORELEASING = YES;
				CLANG_WARN_BOOL_CONVERSION = YES;
				CLANG_WARN_COMMA = YES;
				CLANG_WARN_CONSTANT_CONVERSION = YES;
				CLANG_WARN_DEPRECATED_OBJC_IMPLEMENTATIONS = YES;
				CLANG_WARN_DIRECT_OBJC_ISA_USAGE = YES_ERROR;
				CLANG_WARN_DOCUMENTATION_COMMENTS = YES;
				CLANG_WARN_EMPTY_BODY = YES;
				CLANG_WARN_ENUM_CONVERSION = YES;
				CLANG_WARN_INFINITE_RECURSION = YES;
				CLANG_WARN_INT_CONVERSION = YES;
				CLANG_WARN_NON_LITERAL_NULL_CONVERSION = YES;
				CLANG_WARN_OBJC_IMPLICIT_RETAIN_SELF = YES;
				CLANG_WARN_OBJC_LITERAL_CONVERSION = YES;
				CLANG_WARN_OBJC_ROOT_CLASS = YES_ERROR;
				CLANG_WARN_QUOTED_INCLUDE_IN_FRAMEWORK_HEADER = YES;
				CLANG_WARN_RANGE_LOOP_ANALYSIS = YES;
				CLANG_WARN_STRICT_PROTOTYPES = YES;
				CLANG_WARN_SUSPICIOUS_MOVE = YES;
				CLANG_WARN_UNGUARDED_AVAILABILITY = YES_AGGRESSIVE;
				CLANG_WARN_UNREACHABLE_CODE = YES;
				CLANG_WARN__DUPLICATE_METHOD_MATCH = YES;
				COPY_PHASE_STRIP = NO;
				DEBUG_INFORMATION_FORMAT = dwarf;
				ENABLE_STRICT_OBJC_MSGSEND = YES;
				ENABLE_TESTABILITY = YES;
				GCC_C_LANGUAGE_STANDARD = gnu11;
				GCC_DYNAMIC_NO_PIC = NO;
				GCC_NO_COMMON_BLOCKS = YES;
				GCC_OPTIMIZATION_LEVEL = 0;
				GCC_PREPROCESSOR_DEFINITIONS = (
					"DEBUG=1",
					"$(inherited)",
				);
				GCC_WARN_64_TO_32_BIT_CONVERSION = YES;
				GCC_WARN_ABOUT_RETURN_TYPE = YES_ERROR;
				GCC_WARN_UNDECLARED_SELECTOR = YES;
				GCC_WARN_UNINITIALIZED_AUTOS = YES_AGGRESSIVE;
				GCC_WARN_UNUSED_FUNCTION = YES;
				GCC_WARN_UNUSED_VARIABLE = YES;
				IPHONEOS_DEPLOYMENT_TARGET = 13.0;
				MTL_ENABLE_DEBUG_INFO = INCLUDE_SOURCE;
				MTL_FAST_MATH = YES;
				ONLY_ACTIVE_ARCH = YES;
				SDKROOT = iphoneos;
				SWIFT_ACTIVE_COMPILATION_CONDITIONS = DEBUG;
				SWIFT_OPTIMIZATION_LEVEL = "-Onone";
			};
			name = Debug;
		};
		D9B9FAE02551BACB00A9C5A6 /* Release */ = {
			isa = XCBuildConfiguration;
			buildSettings = {
				ALWAYS_SEARCH_USER_PATHS = NO;
				CLANG_ANALYZER_NONNULL = YES;
				CLANG_ANALYZER_NUMBER_OBJECT_CONVERSION = YES_AGGRESSIVE;
				CLANG_CXX_LANGUAGE_STANDARD = "gnu++14";
				CLANG_CXX_LIBRARY = "libc++";
				CLANG_ENABLE_MODULES = YES;
				CLANG_ENABLE_OBJC_ARC = YES;
				CLANG_ENABLE_OBJC_WEAK = YES;
				CLANG_WARN_BLOCK_CAPTURE_AUTORELEASING = YES;
				CLANG_WARN_BOOL_CONVERSION = YES;
				CLANG_WARN_COMMA = YES;
				CLANG_WARN_CONSTANT_CONVERSION = YES;
				CLANG_WARN_DEPRECATED_OBJC_IMPLEMENTATIONS = YES;
				CLANG_WARN_DIRECT_OBJC_ISA_USAGE = YES_ERROR;
				CLANG_WARN_DOCUMENTATION_COMMENTS = YES;
				CLANG_WARN_EMPTY_BODY = YES;
				CLANG_WARN_ENUM_CONVERSION = YES;
				CLANG_WARN_INFINITE_RECURSION = YES;
				CLANG_WARN_INT_CONVERSION = YES;
				CLANG_WARN_NON_LITERAL_NULL_CONVERSION = YES;
				CLANG_WARN_OBJC_IMPLICIT_RETAIN_SELF = YES;
				CLANG_WARN_OBJC_LITERAL_CONVERSION = YES;
				CLANG_WARN_OBJC_ROOT_CLASS = YES_ERROR;
				CLANG_WARN_QUOTED_INCLUDE_IN_FRAMEWORK_HEADER = YES;
				CLANG_WARN_RANGE_LOOP_ANALYSIS = YES;
				CLANG_WARN_STRICT_PROTOTYPES = YES;
				CLANG_WARN_SUSPICIOUS_MOVE = YES;
				CLANG_WARN_UNGUARDED_AVAILABILITY = YES_AGGRESSIVE;
				CLANG_WARN_UNREACHABLE_CODE = YES;
				CLANG_WARN__DUPLICATE_METHOD_MATCH = YES;
				COPY_PHASE_STRIP = NO;
				DEBUG_INFORMATION_FORMAT = "dwarf-with-dsym";
				ENABLE_NS_ASSERTIONS = NO;
				ENABLE_STRICT_OBJC_MSGSEND = YES;
				GCC_C_LANGUAGE_STANDARD = gnu11;
				GCC_NO_COMMON_BLOCKS = YES;
				GCC_WARN_64_TO_32_BIT_CONVERSION = YES;
				GCC_WARN_ABOUT_RETURN_TYPE = YES_ERROR;
				GCC_WARN_UNDECLARED_SELECTOR = YES;
				GCC_WARN_UNINITIALIZED_AUTOS = YES_AGGRESSIVE;
				GCC_WARN_UNUSED_FUNCTION = YES;
				GCC_WARN_UNUSED_VARIABLE = YES;
				IPHONEOS_DEPLOYMENT_TARGET = 13.0;
				MTL_ENABLE_DEBUG_INFO = NO;
				MTL_FAST_MATH = YES;
				SDKROOT = iphoneos;
				SWIFT_COMPILATION_MODE = wholemodule;
				SWIFT_OPTIMIZATION_LEVEL = "-O";
				VALIDATE_PRODUCT = YES;
			};
			name = Release;
		};
		D9B9FAE22551BACB00A9C5A6 /* Debug */ = {
			isa = XCBuildConfiguration;
			baseConfigurationReference = 6AD9A92F3CF199D06AD4B893 /* Pods-Reciplease.debug.xcconfig */;
			buildSettings = {
				ASSETCATALOG_COMPILER_APPICON_NAME = AppIcon;
				ASSETCATALOG_COMPILER_GLOBAL_ACCENT_COLOR_NAME = AccentColor;
				CODE_SIGN_STYLE = Automatic;
				DEVELOPMENT_TEAM = 24V626T3JX;
				INFOPLIST_FILE = "Reciplease/Supporting Files/Info.plist";
				LD_RUNPATH_SEARCH_PATHS = (
					"$(inherited)",
					"@executable_path/Frameworks",
				);
				PRODUCT_BUNDLE_IDENTIFIER = FR.DIGIT74.Reciplease;
				PRODUCT_NAME = "$(TARGET_NAME)";
				SWIFT_VERSION = 5.0;
				TARGETED_DEVICE_FAMILY = 1;
			};
			name = Debug;
		};
		D9B9FAE32551BACB00A9C5A6 /* Release */ = {
			isa = XCBuildConfiguration;
			baseConfigurationReference = F85F50CE79039B6CF0F52272 /* Pods-Reciplease.release.xcconfig */;
			buildSettings = {
				ASSETCATALOG_COMPILER_APPICON_NAME = AppIcon;
				ASSETCATALOG_COMPILER_GLOBAL_ACCENT_COLOR_NAME = AccentColor;
				CODE_SIGN_STYLE = Automatic;
				DEVELOPMENT_TEAM = 24V626T3JX;
				INFOPLIST_FILE = "Reciplease/Supporting Files/Info.plist";
				LD_RUNPATH_SEARCH_PATHS = (
					"$(inherited)",
					"@executable_path/Frameworks",
				);
				PRODUCT_BUNDLE_IDENTIFIER = FR.DIGIT74.Reciplease;
				PRODUCT_NAME = "$(TARGET_NAME)";
				SWIFT_VERSION = 5.0;
				TARGETED_DEVICE_FAMILY = 1;
			};
			name = Release;
		};
		D9B9FAE52551BACB00A9C5A6 /* Debug */ = {
			isa = XCBuildConfiguration;
			baseConfigurationReference = 21C358E27742F9DE4EB024C1 /* Pods-RecipleaseTests.debug.xcconfig */;
			buildSettings = {
				ALWAYS_EMBED_SWIFT_STANDARD_LIBRARIES = YES;
				BUNDLE_LOADER = "$(TEST_HOST)";
				CODE_SIGN_STYLE = Automatic;
				DEVELOPMENT_TEAM = 24V626T3JX;
				INFOPLIST_FILE = RecipleaseTests/Info.plist;
				IPHONEOS_DEPLOYMENT_TARGET = 14.1;
				LD_RUNPATH_SEARCH_PATHS = (
					"$(inherited)",
					"@executable_path/Frameworks",
					"@loader_path/Frameworks",
				);
				PRODUCT_BUNDLE_IDENTIFIER = FR.DIGIT74.RecipleaseTests;
				PRODUCT_NAME = "$(TARGET_NAME)";
				SWIFT_VERSION = 5.0;
				TARGETED_DEVICE_FAMILY = "1,2";
				TEST_HOST = "$(BUILT_PRODUCTS_DIR)/Reciplease.app/Reciplease";
			};
			name = Debug;
		};
		D9B9FAE62551BACB00A9C5A6 /* Release */ = {
			isa = XCBuildConfiguration;
			baseConfigurationReference = A7BF87F0343EFCA08A924899 /* Pods-RecipleaseTests.release.xcconfig */;
			buildSettings = {
				ALWAYS_EMBED_SWIFT_STANDARD_LIBRARIES = YES;
				BUNDLE_LOADER = "$(TEST_HOST)";
				CODE_SIGN_STYLE = Automatic;
				DEVELOPMENT_TEAM = 24V626T3JX;
				INFOPLIST_FILE = RecipleaseTests/Info.plist;
				IPHONEOS_DEPLOYMENT_TARGET = 14.1;
				LD_RUNPATH_SEARCH_PATHS = (
					"$(inherited)",
					"@executable_path/Frameworks",
					"@loader_path/Frameworks",
				);
				PRODUCT_BUNDLE_IDENTIFIER = FR.DIGIT74.RecipleaseTests;
				PRODUCT_NAME = "$(TARGET_NAME)";
				SWIFT_VERSION = 5.0;
				TARGETED_DEVICE_FAMILY = "1,2";
				TEST_HOST = "$(BUILT_PRODUCTS_DIR)/Reciplease.app/Reciplease";
			};
			name = Release;
		};
		D9B9FAE82551BACB00A9C5A6 /* Debug */ = {
			isa = XCBuildConfiguration;
			baseConfigurationReference = 4482B7E70CCD8AAFE06BCF82 /* Pods-Reciplease-RecipleaseUITests.debug.xcconfig */;
			buildSettings = {
				ALWAYS_EMBED_SWIFT_STANDARD_LIBRARIES = YES;
				CODE_SIGN_STYLE = Automatic;
				DEVELOPMENT_TEAM = 24V626T3JX;
				INFOPLIST_FILE = RecipleaseUITests/Info.plist;
				LD_RUNPATH_SEARCH_PATHS = (
					"$(inherited)",
					"@executable_path/Frameworks",
					"@loader_path/Frameworks",
				);
				PRODUCT_BUNDLE_IDENTIFIER = FR.DIGIT74.RecipleaseUITests;
				PRODUCT_NAME = "$(TARGET_NAME)";
				SWIFT_VERSION = 5.0;
				TARGETED_DEVICE_FAMILY = "1,2";
				TEST_TARGET_NAME = Reciplease;
			};
			name = Debug;
		};
		D9B9FAE92551BACB00A9C5A6 /* Release */ = {
			isa = XCBuildConfiguration;
			baseConfigurationReference = 061E70ED93E4AA825464EA2C /* Pods-Reciplease-RecipleaseUITests.release.xcconfig */;
			buildSettings = {
				ALWAYS_EMBED_SWIFT_STANDARD_LIBRARIES = YES;
				CODE_SIGN_STYLE = Automatic;
				DEVELOPMENT_TEAM = 24V626T3JX;
				INFOPLIST_FILE = RecipleaseUITests/Info.plist;
				LD_RUNPATH_SEARCH_PATHS = (
					"$(inherited)",
					"@executable_path/Frameworks",
					"@loader_path/Frameworks",
				);
				PRODUCT_BUNDLE_IDENTIFIER = FR.DIGIT74.RecipleaseUITests;
				PRODUCT_NAME = "$(TARGET_NAME)";
				SWIFT_VERSION = 5.0;
				TARGETED_DEVICE_FAMILY = "1,2";
				TEST_TARGET_NAME = Reciplease;
			};
			name = Release;
		};
/* End XCBuildConfiguration section */

/* Begin XCConfigurationList section */
		D9B9FAAF2551BAC900A9C5A6 /* Build configuration list for PBXProject "Reciplease" */ = {
			isa = XCConfigurationList;
			buildConfigurations = (
				D9B9FADF2551BACB00A9C5A6 /* Debug */,
				D9B9FAE02551BACB00A9C5A6 /* Release */,
			);
			defaultConfigurationIsVisible = 0;
			defaultConfigurationName = Release;
		};
		D9B9FAE12551BACB00A9C5A6 /* Build configuration list for PBXNativeTarget "Reciplease" */ = {
			isa = XCConfigurationList;
			buildConfigurations = (
				D9B9FAE22551BACB00A9C5A6 /* Debug */,
				D9B9FAE32551BACB00A9C5A6 /* Release */,
			);
			defaultConfigurationIsVisible = 0;
			defaultConfigurationName = Release;
		};
		D9B9FAE42551BACB00A9C5A6 /* Build configuration list for PBXNativeTarget "RecipleaseTests" */ = {
			isa = XCConfigurationList;
			buildConfigurations = (
				D9B9FAE52551BACB00A9C5A6 /* Debug */,
				D9B9FAE62551BACB00A9C5A6 /* Release */,
			);
			defaultConfigurationIsVisible = 0;
			defaultConfigurationName = Release;
		};
		D9B9FAE72551BACB00A9C5A6 /* Build configuration list for PBXNativeTarget "RecipleaseUITests" */ = {
			isa = XCConfigurationList;
			buildConfigurations = (
				D9B9FAE82551BACB00A9C5A6 /* Debug */,
				D9B9FAE92551BACB00A9C5A6 /* Release */,
			);
			defaultConfigurationIsVisible = 0;
			defaultConfigurationName = Release;
		};
/* End XCConfigurationList section */

/* Begin XCVersionGroup section */
		D92FA4B5255B067000570372 /* Reciplease.xcdatamodeld */ = {
			isa = XCVersionGroup;
			children = (
				D92FA4B6255B067000570372 /* Reciplease.xcdatamodel */,
			);
			currentVersion = D92FA4B6255B067000570372 /* Reciplease.xcdatamodel */;
			path = Reciplease.xcdatamodeld;
			sourceTree = "<group>";
			versionGroupType = wrapper.xcdatamodel;
		};
/* End XCVersionGroup section */
	};
	rootObject = D9B9FAAC2551BAC900A9C5A6 /* Project object */;
}
